
Microsoft Visual Studio Solution File, Format Version 12.00
# Visual Studio 15
VisualStudioVersion = 15.0.26430.15
MinimumVisualStudioVersion = 10.0.40219.1
Project("{2150E333-8FDC-42A3-9474-1A3956D46DE8}") = "Solution Items", "Solution Items", "{B6278B26-6A8B-47BE-9457-D98E8FB26CE7}"
	ProjectSection(SolutionItems) = preProject
		README.md = README.md
		大软键盘.bmp = 大软键盘.bmp
	EndProjectSection
EndProject
Project("{FAE04EC0-301F-11D3-BF4B-00C04F79EFBC}") = "Canvas2D", "Canvas2D\Canvas2D.csproj", "{A839EB07-BFC1-441F-9704-738FE8C503AF}"
	ProjectSection(ProjectDependencies) = postProject
		{3AF89E1F-B627-473A-BCC5-6FCC810EB76A} = {3AF89E1F-B627-473A-BCC5-6FCC810EB76A}
		{FC4CB1A1-ED45-426E-A261-7E62FC992CB0} = {FC4CB1A1-ED45-426E-A261-7E62FC992CB0}
	EndProjectSection
EndProject
Project("{FAE04EC0-301F-11D3-BF4B-00C04F79EFBC}") = "Canvas3D", "Canvas3D\Canvas3D.csproj", "{FC4CB1A1-ED45-426E-A261-7E62FC992CB0}"
	ProjectSection(ProjectDependencies) = postProject
		{3AF89E1F-B627-473A-BCC5-6FCC810EB76A} = {3AF89E1F-B627-473A-BCC5-6FCC810EB76A}
	EndProjectSection
EndProject
Project("{FAE04EC0-301F-11D3-BF4B-00C04F79EFBC}") = "KeyBoard", "KeyBoard\KeyBoard.csproj", "{C26ADD5D-2087-413F-9C87-5518F24F4ACB}"
	ProjectSection(ProjectDependencies) = postProject
		{3AF89E1F-B627-473A-BCC5-6FCC810EB76A} = {3AF89E1F-B627-473A-BCC5-6FCC810EB76A}
	EndProjectSection
EndProject
Project("{FAE04EC0-301F-11D3-BF4B-00C04F79EFBC}") = "Commons", "Commons\Commons.csproj", "{3AF89E1F-B627-473A-BCC5-6FCC810EB76A}"
EndProject
Project("{FAE04EC0-301F-11D3-BF4B-00C04F79EFBC}") = "TestForm", "TestForm\TestForm.csproj", "{FF55D312-06C9-46BC-8E82-BCDCF2C55837}"
	ProjectSection(ProjectDependencies) = postProject
		{A839EB07-BFC1-441F-9704-738FE8C503AF} = {A839EB07-BFC1-441F-9704-738FE8C503AF}
		{3AF89E1F-B627-473A-BCC5-6FCC810EB76A} = {3AF89E1F-B627-473A-BCC5-6FCC810EB76A}
	EndProjectSection
EndProject
Project("{FAE04EC0-301F-11D3-BF4B-00C04F79EFBC}") = "KeyBoard_2", "KeyBoard_2\KeyBoard_2.csproj", "{3BC79A63-3DCD-497E-BB79-1CACA659D7CD}"
	ProjectSection(ProjectDependencies) = postProject
		{A839EB07-BFC1-441F-9704-738FE8C503AF} = {A839EB07-BFC1-441F-9704-738FE8C503AF}
		{3AF89E1F-B627-473A-BCC5-6FCC810EB76A} = {3AF89E1F-B627-473A-BCC5-6FCC810EB76A}
		{FC4CB1A1-ED45-426E-A261-7E62FC992CB0} = {FC4CB1A1-ED45-426E-A261-7E62FC992CB0}
	EndProjectSection
EndProject
Global
	GlobalSection(SolutionConfigurationPlatforms) = preSolution
		Debug|Any CPU = Debug|Any CPU
		Debug|ARM = Debug|ARM
		Debug|Mixed Platforms = Debug|Mixed Platforms
		Debug|x64 = Debug|x64
		Debug|x86 = Debug|x86
		Release|Any CPU = Release|Any CPU
		Release|ARM = Release|ARM
		Release|Mixed Platforms = Release|Mixed Platforms
		Release|x64 = Release|x64
		Release|x86 = Release|x86
	EndGlobalSection
	GlobalSection(ProjectConfigurationPlatforms) = postSolution
		{A839EB07-BFC1-441F-9704-738FE8C503AF}.Debug|Any CPU.ActiveCfg = Debug|Any CPU
		{A839EB07-BFC1-441F-9704-738FE8C503AF}.Debug|Any CPU.Build.0 = Debug|Any CPU
		{A839EB07-BFC1-441F-9704-738FE8C503AF}.Debug|ARM.ActiveCfg = Debug|Any CPU
		{A839EB07-BFC1-441F-9704-738FE8C503AF}.Debug|ARM.Build.0 = Debug|Any CPU
		{A839EB07-BFC1-441F-9704-738FE8C503AF}.Debug|Mixed Platforms.ActiveCfg = Debug|Any CPU
		{A839EB07-BFC1-441F-9704-738FE8C503AF}.Debug|Mixed Platforms.Build.0 = Debug|Any CPU
		{A839EB07-BFC1-441F-9704-738FE8C503AF}.Debug|x64.ActiveCfg = Debug|Any CPU
		{A839EB07-BFC1-441F-9704-738FE8C503AF}.Debug|x64.Build.0 = Debug|Any CPU
		{A839EB07-BFC1-441F-9704-738FE8C503AF}.Debug|x86.ActiveCfg = Debug|Any CPU
		{A839EB07-BFC1-441F-9704-738FE8C503AF}.Debug|x86.Build.0 = Debug|Any CPU
		{A839EB07-BFC1-441F-9704-738FE8C503AF}.Release|Any CPU.ActiveCfg = Release|Any CPU
		{A839EB07-BFC1-441F-9704-738FE8C503AF}.Release|Any CPU.Build.0 = Release|Any CPU
		{A839EB07-BFC1-441F-9704-738FE8C503AF}.Release|ARM.ActiveCfg = Release|Any CPU
		{A839EB07-BFC1-441F-9704-738FE8C503AF}.Release|ARM.Build.0 = Release|Any CPU
		{A839EB07-BFC1-441F-9704-738FE8C503AF}.Release|Mixed Platforms.ActiveCfg = Release|Any CPU
		{A839EB07-BFC1-441F-9704-738FE8C503AF}.Release|Mixed Platforms.Build.0 = Release|Any CPU
		{A839EB07-BFC1-441F-9704-738FE8C503AF}.Release|x64.ActiveCfg = Release|Any CPU
		{A839EB07-BFC1-441F-9704-738FE8C503AF}.Release|x64.Build.0 = Release|Any CPU
		{A839EB07-BFC1-441F-9704-738FE8C503AF}.Release|x86.ActiveCfg = Release|Any CPU
		{A839EB07-BFC1-441F-9704-738FE8C503AF}.Release|x86.Build.0 = Release|Any CPU
		{FC4CB1A1-ED45-426E-A261-7E62FC992CB0}.Debug|Any CPU.ActiveCfg = Debug|Any CPU
		{FC4CB1A1-ED45-426E-A261-7E62FC992CB0}.Debug|Any CPU.Build.0 = Debug|Any CPU
		{FC4CB1A1-ED45-426E-A261-7E62FC992CB0}.Debug|ARM.ActiveCfg = Debug|Any CPU
		{FC4CB1A1-ED45-426E-A261-7E62FC992CB0}.Debug|ARM.Build.0 = Debug|Any CPU
		{FC4CB1A1-ED45-426E-A261-7E62FC992CB0}.Debug|Mixed Platforms.ActiveCfg = Debug|Any CPU
		{FC4CB1A1-ED45-426E-A261-7E62FC992CB0}.Debug|Mixed Platforms.Build.0 = Debug|Any CPU
		{FC4CB1A1-ED45-426E-A261-7E62FC992CB0}.Debug|x64.ActiveCfg = Debug|Any CPU
		{FC4CB1A1-ED45-426E-A261-7E62FC992CB0}.Debug|x64.Build.0 = Debug|Any CPU
		{FC4CB1A1-ED45-426E-A261-7E62FC992CB0}.Debug|x86.ActiveCfg = Debug|Any CPU
		{FC4CB1A1-ED45-426E-A261-7E62FC992CB0}.Debug|x86.Build.0 = Debug|Any CPU
		{FC4CB1A1-ED45-426E-A261-7E62FC992CB0}.Release|Any CPU.ActiveCfg = Release|Any CPU
		{FC4CB1A1-ED45-426E-A261-7E62FC992CB0}.Release|Any CPU.Build.0 = Release|Any CPU
		{FC4CB1A1-ED45-426E-A261-7E62FC992CB0}.Release|ARM.ActiveCfg = Release|Any CPU
		{FC4CB1A1-ED45-426E-A261-7E62FC992CB0}.Release|ARM.Build.0 = Release|Any CPU
		{FC4CB1A1-ED45-426E-A261-7E62FC992CB0}.Release|Mixed Platforms.ActiveCfg = Release|Any CPU
		{FC4CB1A1-ED45-426E-A261-7E62FC992CB0}.Release|Mixed Platforms.Build.0 = Release|Any CPU
		{FC4CB1A1-ED45-426E-A261-7E62FC992CB0}.Release|x64.ActiveCfg = Release|Any CPU
		{FC4CB1A1-ED45-426E-A261-7E62FC992CB0}.Release|x64.Build.0 = Release|Any CPU
		{FC4CB1A1-ED45-426E-A261-7E62FC992CB0}.Release|x86.ActiveCfg = Release|Any CPU
		{FC4CB1A1-ED45-426E-A261-7E62FC992CB0}.Release|x86.Build.0 = Release|Any CPU
		{C26ADD5D-2087-413F-9C87-5518F24F4ACB}.Debug|Any CPU.ActiveCfg = Debug|Any CPU
		{C26ADD5D-2087-413F-9C87-5518F24F4ACB}.Debug|Any CPU.Build.0 = Debug|Any CPU
		{C26ADD5D-2087-413F-9C87-5518F24F4ACB}.Debug|ARM.ActiveCfg = Debug|Any CPU
		{C26ADD5D-2087-413F-9C87-5518F24F4ACB}.Debug|ARM.Build.0 = Debug|Any CPU
		{C26ADD5D-2087-413F-9C87-5518F24F4ACB}.Debug|Mixed Platforms.ActiveCfg = Debug|Any CPU
		{C26ADD5D-2087-413F-9C87-5518F24F4ACB}.Debug|Mixed Platforms.Build.0 = Debug|Any CPU
		{C26ADD5D-2087-413F-9C87-5518F24F4ACB}.Debug|x64.ActiveCfg = Debug|Any CPU
		{C26ADD5D-2087-413F-9C87-5518F24F4ACB}.Debug|x64.Build.0 = Debug|Any CPU
		{C26ADD5D-2087-413F-9C87-5518F24F4ACB}.Debug|x86.ActiveCfg = Debug|Any CPU
		{C26ADD5D-2087-413F-9C87-5518F24F4ACB}.Debug|x86.Build.0 = Debug|Any CPU
		{C26ADD5D-2087-413F-9C87-5518F24F4ACB}.Release|Any CPU.ActiveCfg = Release|Any CPU
		{C26ADD5D-2087-413F-9C87-5518F24F4ACB}.Release|Any CPU.Build.0 = Release|Any CPU
		{C26ADD5D-2087-413F-9C87-5518F24F4ACB}.Release|ARM.ActiveCfg = Release|Any CPU
		{C26ADD5D-2087-413F-9C87-5518F24F4ACB}.Release|ARM.Build.0 = Release|Any CPU
		{C26ADD5D-2087-413F-9C87-5518F24F4ACB}.Release|Mixed Platforms.ActiveCfg = Release|Any CPU
		{C26ADD5D-2087-413F-9C87-5518F24F4ACB}.Release|Mixed Platforms.Build.0 = Release|Any CPU
		{C26ADD5D-2087-413F-9C87-5518F24F4ACB}.Release|x64.ActiveCfg = Release|Any CPU
		{C26ADD5D-2087-413F-9C87-5518F24F4ACB}.Release|x64.Build.0 = Release|Any CPU
		{C26ADD5D-2087-413F-9C87-5518F24F4ACB}.Release|x86.ActiveCfg = Release|Any CPU
		{C26ADD5D-2087-413F-9C87-5518F24F4ACB}.Release|x86.Build.0 = Release|Any CPU
		{3AF89E1F-B627-473A-BCC5-6FCC810EB76A}.Debug|Any CPU.ActiveCfg = Debug|Any CPU
		{3AF89E1F-B627-473A-BCC5-6FCC810EB76A}.Debug|Any CPU.Build.0 = Debug|Any CPU
		{3AF89E1F-B627-473A-BCC5-6FCC810EB76A}.Debug|ARM.ActiveCfg = Debug|Any CPU
		{3AF89E1F-B627-473A-BCC5-6FCC810EB76A}.Debug|ARM.Build.0 = Debug|Any CPU
		{3AF89E1F-B627-473A-BCC5-6FCC810EB76A}.Debug|Mixed Platforms.ActiveCfg = Debug|Any CPU
		{3AF89E1F-B627-473A-BCC5-6FCC810EB76A}.Debug|Mixed Platforms.Build.0 = Debug|Any CPU
		{3AF89E1F-B627-473A-BCC5-6FCC810EB76A}.Debug|x64.ActiveCfg = Debug|Any CPU
		{3AF89E1F-B627-473A-BCC5-6FCC810EB76A}.Debug|x64.Build.0 = Debug|Any CPU
		{3AF89E1F-B627-473A-BCC5-6FCC810EB76A}.Debug|x86.ActiveCfg = Debug|Any CPU
		{3AF89E1F-B627-473A-BCC5-6FCC810EB76A}.Debug|x86.Build.0 = Debug|Any CPU
		{3AF89E1F-B627-473A-BCC5-6FCC810EB76A}.Release|Any CPU.ActiveCfg = Release|Any CPU
		{3AF89E1F-B627-473A-BCC5-6FCC810EB76A}.Release|Any CPU.Build.0 = Release|Any CPU
		{3AF89E1F-B627-473A-BCC5-6FCC810EB76A}.Release|ARM.ActiveCfg = Release|Any CPU
		{3AF89E1F-B627-473A-BCC5-6FCC810EB76A}.Release|ARM.Build.0 = Release|Any CPU
		{3AF89E1F-B627-473A-BCC5-6FCC810EB76A}.Release|Mixed Platforms.ActiveCfg = Release|Any CPU
		{3AF89E1F-B627-473A-BCC5-6FCC810EB76A}.Release|Mixed Platforms.Build.0 = Release|Any CPU
		{3AF89E1F-B627-473A-BCC5-6FCC810EB76A}.Release|x64.ActiveCfg = Release|Any CPU
		{3AF89E1F-B627-473A-BCC5-6FCC810EB76A}.Release|x64.Build.0 = Release|Any CPU
		{3AF89E1F-B627-473A-BCC5-6FCC810EB76A}.Release|x86.ActiveCfg = Release|Any CPU
		{3AF89E1F-B627-473A-BCC5-6FCC810EB76A}.Release|x86.Build.0 = Release|Any CPU
		{FF55D312-06C9-46BC-8E82-BCDCF2C55837}.Debug|Any CPU.ActiveCfg = Debug|Any CPU
		{FF55D312-06C9-46BC-8E82-BCDCF2C55837}.Debug|Any CPU.Build.0 = Debug|Any CPU
		{FF55D312-06C9-46BC-8E82-BCDCF2C55837}.Debug|ARM.ActiveCfg = Debug|Any CPU
		{FF55D312-06C9-46BC-8E82-BCDCF2C55837}.Debug|ARM.Build.0 = Debug|Any CPU
		{FF55D312-06C9-46BC-8E82-BCDCF2C55837}.Debug|Mixed Platforms.ActiveCfg = Debug|Any CPU
		{FF55D312-06C9-46BC-8E82-BCDCF2C55837}.Debug|Mixed Platforms.Build.0 = Debug|Any CPU
		{FF55D312-06C9-46BC-8E82-BCDCF2C55837}.Debug|x64.ActiveCfg = Debug|Any CPU
		{FF55D312-06C9-46BC-8E82-BCDCF2C55837}.Debug|x64.Build.0 = Debug|Any CPU
		{FF55D312-06C9-46BC-8E82-BCDCF2C55837}.Debug|x86.ActiveCfg = Debug|Any CPU
		{FF55D312-06C9-46BC-8E82-BCDCF2C55837}.Debug|x86.Build.0 = Debug|Any CPU
		{FF55D312-06C9-46BC-8E82-BCDCF2C55837}.Release|Any CPU.ActiveCfg = Release|Any CPU
		{FF55D312-06C9-46BC-8E82-BCDCF2C55837}.Release|Any CPU.Build.0 = Release|Any CPU
		{FF55D312-06C9-46BC-8E82-BCDCF2C55837}.Release|ARM.ActiveCfg = Release|Any CPU
		{FF55D312-06C9-46BC-8E82-BCDCF2C55837}.Release|ARM.Build.0 = Release|Any CPU
		{FF55D312-06C9-46BC-8E82-BCDCF2C55837}.Release|Mixed Platforms.ActiveCfg = Release|Any CPU
		{FF55D312-06C9-46BC-8E82-BCDCF2C55837}.Release|Mixed Platforms.Build.0 = Release|Any CPU
		{FF55D312-06C9-46BC-8E82-BCDCF2C55837}.Release|x64.ActiveCfg = Release|Any CPU
		{FF55D312-06C9-46BC-8E82-BCDCF2C55837}.Release|x64.Build.0 = Release|Any CPU
		{FF55D312-06C9-46BC-8E82-BCDCF2C55837}.Release|x86.ActiveCfg = Release|Any CPU
		{FF55D312-06C9-46BC-8E82-BCDCF2C55837}.Release|x86.Build.0 = Release|Any CPU
		{3BC79A63-3DCD-497E-BB79-1CACA659D7CD}.Debug|Any CPU.ActiveCfg = Debug|Any CPU
		{3BC79A63-3DCD-497E-BB79-1CACA659D7CD}.Debug|Any CPU.Build.0 = Debug|Any CPU
		{3BC79A63-3DCD-497E-BB79-1CACA659D7CD}.Debug|ARM.ActiveCfg = Debug|Any CPU
		{3BC79A63-3DCD-497E-BB79-1CACA659D7CD}.Debug|ARM.Build.0 = Debug|Any CPU
		{3BC79A63-3DCD-497E-BB79-1CACA659D7CD}.Debug|Mixed Platforms.ActiveCfg = Debug|Any CPU
		{3BC79A63-3DCD-497E-BB79-1CACA659D7CD}.Debug|Mixed Platforms.Build.0 = Debug|Any CPU
		{3BC79A63-3DCD-497E-BB79-1CACA659D7CD}.Debug|x64.ActiveCfg = Debug|Any CPU
		{3BC79A63-3DCD-497E-BB79-1CACA659D7CD}.Debug|x64.Build.0 = Debug|Any CPU
		{3BC79A63-3DCD-497E-BB79-1CACA659D7CD}.Debug|x86.ActiveCfg = Debug|Any CPU
		{3BC79A63-3DCD-497E-BB79-1CACA659D7CD}.Debug|x86.Build.0 = Debug|Any CPU
		{3BC79A63-3DCD-497E-BB79-1CACA659D7CD}.Release|Any CPU.ActiveCfg = Release|Any CPU
		{3BC79A63-3DCD-497E-BB79-1CACA659D7CD}.Release|Any CPU.Build.0 = Release|Any CPU
		{3BC79A63-3DCD-497E-BB79-1CACA659D7CD}.Release|ARM.ActiveCfg = Release|Any CPU
		{3BC79A63-3DCD-497E-BB79-1CACA659D7CD}.Release|ARM.Build.0 = Release|Any CPU
		{3BC79A63-3DCD-497E-BB79-1CACA659D7CD}.Release|Mixed Platforms.ActiveCfg = Release|Any CPU
		{3BC79A63-3DCD-497E-BB79-1CACA659D7CD}.Release|Mixed Platforms.Build.0 = Release|Any CPU
		{3BC79A63-3DCD-497E-BB79-1CACA659D7CD}.Release|x64.ActiveCfg = Release|Any CPU
		{3BC79A63-3DCD-497E-BB79-1CACA659D7CD}.Release|x64.Build.0 = Release|Any CPU
		{3BC79A63-3DCD-497E-BB79-1CACA659D7CD}.Release|x86.ActiveCfg = Release|Any CPU
		{3BC79A63-3DCD-497E-BB79-1CACA659D7CD}.Release|x86.Build.0 = Release|Any CPU
	EndGlobalSection
	GlobalSection(SolutionProperties) = preSolution
		HideSolutionNode = FALSE
	EndGlobalSection
EndGlobal
